<Solution>
  <Project Path="Stocks.Controller.Tests/Stocks.Controller.Tests.csproj" Id="24d61006-b23e-4420-854d-fa38bf3edbe6" />
  <Project Path="Stocks.Core/Stocks.Core.csproj" Id="c085f8d4-79d6-49e8-9b15-27af11198f21" />
  <Project Path="Stocks.Infrastructure/Stocks.Infrastructure.csproj" Id="dab79173-16f3-40e6-a791-4f86aaf53db9" />
  <Project Path="Stocks.Integration.Tests/Stocks.Integration.Tests.csproj" Id="9af2adfc-eabe-4d7c-ad63-c0a6b9ca02c6" />
  <Project Path="Stocks.Services.Tests/Stocks.Services.Tests.csproj" Id="82d670ec-ab71-4c11-9175-3d4c019ca9e6" />
  <Project Path="StocksApp/Stocks.Web.csproj" />
</Solution>
